# @generated - this file is auto-generated by `mise lock` https://mise.jdx.dev/dev-tools/mise-lock.html

lockfile_version = 1

[[tools.shellcheck]]
version = "0.11.0"
backend = "aqua:koalaman/shellcheck"
specifiers = ["0.11.0"]

[tools.shellcheck."platforms.linux-x64"]
checksum = "sha256:8c3be12b05d5c177a04c29e3c78ce89ac86f1595681cab149b65b97c4e227198"
url = "https://github.com/koalaman/shellcheck/releases/download/v0.11.0/shellcheck-v0.11.0.linux.x86_64.tar.xz"
url_api = "https://api.github.com/repos/koalaman/shellcheck/releases/assets/279056942"

[tools.shellcheck."platforms.macos-arm64"]
checksum = "sha256:56affdd8de5527894dca6dc3d7e0a99a873b0f004d7aabc30ae407d3f48b0a79"
url = "https://github.com/koalaman/shellcheck/releases/download/v0.11.0/shellcheck-v0.11.0.darwin.aarch64.tar.xz"
url_api = "https://api.github.com/repos/koalaman/shellcheck/releases/assets/279056932"

[tools.shellcheck."platforms.macos-x64"]
checksum = "sha256:3c89db4edcab7cf1c27bff178882e0f6f27f7afdf54e859fa041fca10febe4c6"
url = "https://github.com/koalaman/shellcheck/releases/download/v0.11.0/shellcheck-v0.11.0.darwin.x86_64.tar.xz"
url_api = "https://api.github.com/repos/koalaman/shellcheck/releases/assets/279056930"

[[tools.shfmt]]
version = "3.14.0"
backend = "aqua:mvdan/sh"
specifiers = ["3.14.0"]

[tools.shfmt."platforms.linux-x64"]
checksum = "sha256:fe42021c7272ef2d67ea36cbc3031683c625d0badec733ef3a57b567246a0b66"
url = "https://github.com/mvdan/sh/releases/download/v3.14.0/shfmt_v3.14.0_linux_amd64"
url_api = "https://api.github.com/repos/mvdan/sh/releases/assets/534119985"

[tools.shfmt."platforms.macos-arm64"]
checksum = "sha256:4710ba8074a74334069719d5b82f8cb97532e5623bfe43ef7cdb3442101b9cb2"
url = "https://github.com/mvdan/sh/releases/download/v3.14.0/shfmt_v3.14.0_darwin_arm64"
url_api = "https://api.github.com/repos/mvdan/sh/releases/assets/534120008"

[tools.shfmt."platforms.macos-x64"]
checksum = "sha256:74255a8087d74a79f5c1307db807e7efa8f062c429e3a05c075550392e0dcfa1"
url = "https://github.com/mvdan/sh/releases/download/v3.14.0/shfmt_v3.14.0_darwin_amd64"
url_api = "https://api.github.com/repos/mvdan/sh/releases/assets/534120026"

[[tools.swiftformat]]
version = "0.58.7"
backend = "github:nicklockwood/SwiftFormat"
specifiers = ["0.58.7"]

[tools.swiftformat.options]
no_app = "true"

[tools.swiftformat."platforms.linux-x64"]
checksum = "sha256:be1b4bb76ee134cbc6b30c55939ea5b4dbe947c7373cc2015e9718d4bad00ae9"
url = "https://github.com/nicklockwood/SwiftFormat/releases/download/0.58.7/swiftformat_linux.zip"
url_api = "https://api.github.com/repos/nicklockwood/SwiftFormat/releases/assets/322205688"

[tools.swiftformat."platforms.macos-arm64"]
checksum = "sha256:7e43f8e14e2089eeb83d6958ce162ffa90c9330f3f309ca054693614b2b1b241"
url = "https://github.com/nicklockwood/SwiftFormat/releases/download/0.58.7/swiftformat.zip"
url_api = "https://api.github.com/repos/nicklockwood/SwiftFormat/releases/assets/322205686"

[tools.swiftformat."platforms.macos-x64"]
checksum = "sha256:7e43f8e14e2089eeb83d6958ce162ffa90c9330f3f309ca054693614b2b1b241"
url = "https://github.com/nicklockwood/SwiftFormat/releases/download/0.58.7/swiftformat.zip"
url_api = "https://api.github.com/repos/nicklockwood/SwiftFormat/releases/assets/322205686"

[[tools.swiftlint]]
version = "0.59.1"
backend = "http:swiftlint"
specifiers = ["0.59.1"]

[tools.swiftlint.options]
strip_components = "0"

[tools.swiftlint."platforms.linux-x64"]
checksum = "sha256:b9f915a58a818afcc66846740d272d5e73f37baf874e7809ff6f246ea98ad8a2"
url = "https://github.com/realm/SwiftLint/releases/download/0.59.1/SwiftLintBinary.artifactbundle.zip"

[tools.swiftlint."platforms.macos-arm64"]
checksum = "sha256:b9f915a58a818afcc66846740d272d5e73f37baf874e7809ff6f246ea98ad8a2"
url = "https://github.com/realm/SwiftLint/releases/download/0.59.1/SwiftLintBinary.artifactbundle.zip"

[tools.swiftlint."platforms.macos-x64"]
checksum = "sha256:b9f915a58a818afcc66846740d272d5e73f37baf874e7809ff6f246ea98ad8a2"
url = "https://github.com/realm/SwiftLint/releases/download/0.59.1/SwiftLintBinary.artifactbundle.zip"
